
Microsoft Visual Studio Solution File, Format Version 12.00
# Visual Studio 15
VisualStudioVersion = 15.0.27130.2020
MinimumVisualStudioVersion = 10.0.40219.1
Project("{9A19103F-16F7-4668-BE54-9A1E7A4F7556}") = "KCS.Services", "KCS.Services\KCS.Services.csproj", "{756CAEF9-63DB-4EC6-BE47-9B9CEB15A94D}"
EndProject
Project("{9A19103F-16F7-4668-BE54-9A1E7A4F7556}") = "KCS.DataLayer", "KCS.DataLayer\KCS.DataLayer.csproj", "{246B8C51-5709-4415-B14C-A7C29C038558}"
EndProject
Project("{9A19103F-16F7-4668-BE54-9A1E7A4F7556}") = "KCS.Core", "KCS.Core\KCS.Core.csproj", "{D946F278-2D05-4462-99CD-5DE1FB8D1086}"
EndProject
Project("{9A19103F-16F7-4668-BE54-9A1E7A4F7556}") = "KCS.Web", "KCS.Web\KCS.Web.csproj", "{D6BE530F-0568-42C1-9B09-109E84AFF027}"
EndProject
Global
	GlobalSection(SolutionConfigurationPlatforms) = preSolution
		Debug|Any CPU = Debug|Any CPU
		Release|Any CPU = Release|Any CPU
	EndGlobalSection
	GlobalSection(ProjectConfigurationPlatforms) = postSolution
		{756CAEF9-63DB-4EC6-BE47-9B9CEB15A94D}.Debug|Any CPU.ActiveCfg = Debug|Any CPU
		{756CAEF9-63DB-4EC6-BE47-9B9CEB15A94D}.Debug|Any CPU.Build.0 = Debug|Any CPU
		{756CAEF9-63DB-4EC6-BE47-9B9CEB15A94D}.Release|Any CPU.ActiveCfg = Release|Any CPU
		{756CAEF9-63DB-4EC6-BE47-9B9CEB15A94D}.Release|Any CPU.Build.0 = Release|Any CPU
		{246B8C51-5709-4415-B14C-A7C29C038558}.Debug|Any CPU.ActiveCfg = Debug|Any CPU
		{246B8C51-5709-4415-B14C-A7C29C038558}.Debug|Any CPU.Build.0 = Debug|Any CPU
		{246B8C51-5709-4415-B14C-A7C29C038558}.Release|Any CPU.ActiveCfg = Release|Any CPU
		{246B8C51-5709-4415-B14C-A7C29C038558}.Release|Any CPU.Build.0 = Release|Any CPU
		{D946F278-2D05-4462-99CD-5DE1FB8D1086}.Debug|Any CPU.ActiveCfg = Debug|Any CPU
		{D946F278-2D05-4462-99CD-5DE1FB8D1086}.Debug|Any CPU.Build.0 = Debug|Any CPU
		{D946F278-2D05-4462-99CD-5DE1FB8D1086}.Release|Any CPU.ActiveCfg = Release|Any CPU
		{D946F278-2D05-4462-99CD-5DE1FB8D1086}.Release|Any CPU.Build.0 = Release|Any CPU
		{D6BE530F-0568-42C1-9B09-109E84AFF027}.Debug|Any CPU.ActiveCfg = Debug|Any CPU
		{D6BE530F-0568-42C1-9B09-109E84AFF027}.Debug|Any CPU.Build.0 = Debug|Any CPU
		{D6BE530F-0568-42C1-9B09-109E84AFF027}.Release|Any CPU.ActiveCfg = Release|Any CPU
		{D6BE530F-0568-42C1-9B09-109E84AFF027}.Release|Any CPU.Build.0 = Release|Any CPU
	EndGlobalSection
	GlobalSection(SolutionProperties) = preSolution
		HideSolutionNode = FALSE
	EndGlobalSection
	GlobalSection(ExtensibilityGlobals) = postSolution
		SolutionGuid = {29697709-C757-4C4A-AFD5-7C27F781E6DB}
	EndGlobalSection
EndGlobal
