
Microsoft Visual Studio Solution File, Format Version 12.00
# Visual Studio 15
VisualStudioVersion = 15.0.27130.2020
MinimumVisualStudioVersion = 10.0.40219.1
Project("{9A19103F-16F7-4668-BE54-9A1E7A4F7556}") = "KCS.Services", "KCS.Services\KCS.Services.csproj", "{756CAEF9-63DB-4EC6-BE47-9B9CEB15A94D}"
EndProject
Project("{9A19103F-16F7-4668-BE54-9A1E7A4F7556}") = "KCS.DataLayer", "KCS.DataLayer\KCS.DataLayer.csproj", "{246B8C51-5709-4415-B14C-A7C29C038558}"
EndProject
Project("{9A19103F-16F7-4668-BE54-9A1E7A4F7556}") = "KCS.Core", "KCS.Core\KCS.Core.csproj", "{D946F278-2D05-4462-99CD-5DE1FB8D1086}"
EndProject
Project("{9A19103F-16F7-4668-BE54-9A1E7A4F7556}") = "KCS.Web", "KCS.Web\KCS.Web.csproj", "{D6BE530F-0568-42C1-9B09-109E84AFF027}"
EndProject
Project("{FAE04EC0-301F-11D3-BF4B-00C04F79EFBC}") = "KCS.Services.Tests", "KCS.Services.Tests\KCS.Services.Tests.csproj", "{6E77CF5F-77B5-4940-A812-ACF332841C0A}"
EndProject
Project("{FAE04EC0-301F-11D3-BF4B-00C04F79EFBC}") = "KCS.Web.Tests", "KCS.Web.Tests\KCS.Web.Tests.csproj", "{CB5C3B67-4069-4C03-B8C4-E4A2423F0FDE}"
EndProject
Project("{FAE04EC0-301F-11D3-BF4B-00C04F79EFBC}") = "KCS.DataLayer.Tests", "KCS.DataLayer.Tests\KCS.DataLayer.Tests.csproj", "{EB09CD91-46F3-4FF5-B980-9945CAC48B9B}"
EndProject
Global
	GlobalSection(SolutionConfigurationPlatforms) = preSolution
		Debug|Any CPU = Debug|Any CPU
		Release|Any CPU = Release|Any CPU
	EndGlobalSection
	GlobalSection(ProjectConfigurationPlatforms) = postSolution
		{756CAEF9-63DB-4EC6-BE47-9B9CEB15A94D}.Debug|Any CPU.ActiveCfg = Debug|Any CPU
		{756CAEF9-63DB-4EC6-BE47-9B9CEB15A94D}.Debug|Any CPU.Build.0 = Debug|Any CPU
		{756CAEF9-63DB-4EC6-BE47-9B9CEB15A94D}.Release|Any CPU.ActiveCfg = Release|Any CPU
		{756CAEF9-63DB-4EC6-BE47-9B9CEB15A94D}.Release|Any CPU.Build.0 = Release|Any CPU
		{246B8C51-5709-4415-B14C-A7C29C038558}.Debug|Any CPU.ActiveCfg = Debug|Any CPU
		{246B8C51-5709-4415-B14C-A7C29C038558}.Debug|Any CPU.Build.0 = Debug|Any CPU
		{246B8C51-5709-4415-B14C-A7C29C038558}.Release|Any CPU.ActiveCfg = Release|Any CPU
		{246B8C51-5709-4415-B14C-A7C29C038558}.Release|Any CPU.Build.0 = Release|Any CPU
		{D946F278-2D05-4462-99CD-5DE1FB8D1086}.Debug|Any CPU.ActiveCfg = Debug|Any CPU
		{D946F278-2D05-4462-99CD-5DE1FB8D1086}.Debug|Any CPU.Build.0 = Debug|Any CPU
		{D946F278-2D05-4462-99CD-5DE1FB8D1086}.Release|Any CPU.ActiveCfg = Release|Any CPU
		{D946F278-2D05-4462-99CD-5DE1FB8D1086}.Release|Any CPU.Build.0 = Release|Any CPU
		{D6BE530F-0568-42C1-9B09-109E84AFF027}.Debug|Any CPU.ActiveCfg = Debug|Any CPU
		{D6BE530F-0568-42C1-9B09-109E84AFF027}.Debug|Any CPU.Build.0 = Debug|Any CPU
		{D6BE530F-0568-42C1-9B09-109E84AFF027}.Release|Any CPU.ActiveCfg = Release|Any CPU
		{D6BE530F-0568-42C1-9B09-109E84AFF027}.Release|Any CPU.Build.0 = Release|Any CPU
		{6E77CF5F-77B5-4940-A812-ACF332841C0A}.Debug|Any CPU.ActiveCfg = Debug|Any CPU
		{6E77CF5F-77B5-4940-A812-ACF332841C0A}.Debug|Any CPU.Build.0 = Debug|Any CPU
		{6E77CF5F-77B5-4940-A812-ACF332841C0A}.Release|Any CPU.ActiveCfg = Release|Any CPU
		{6E77CF5F-77B5-4940-A812-ACF332841C0A}.Release|Any CPU.Build.0 = Release|Any CPU
		{CB5C3B67-4069-4C03-B8C4-E4A2423F0FDE}.Debug|Any CPU.ActiveCfg = Debug|Any CPU
		{CB5C3B67-4069-4C03-B8C4-E4A2423F0FDE}.Debug|Any CPU.Build.0 = Debug|Any CPU
		{CB5C3B67-4069-4C03-B8C4-E4A2423F0FDE}.Release|Any CPU.ActiveCfg = Release|Any CPU
		{CB5C3B67-4069-4C03-B8C4-E4A2423F0FDE}.Release|Any CPU.Build.0 = Release|Any CPU
		{EB09CD91-46F3-4FF5-B980-9945CAC48B9B}.Debug|Any CPU.ActiveCfg = Debug|Any CPU
		{EB09CD91-46F3-4FF5-B980-9945CAC48B9B}.Debug|Any CPU.Build.0 = Debug|Any CPU
		{EB09CD91-46F3-4FF5-B980-9945CAC48B9B}.Release|Any CPU.ActiveCfg = Release|Any CPU
		{EB09CD91-46F3-4FF5-B980-9945CAC48B9B}.Release|Any CPU.Build.0 = Release|Any CPU
	EndGlobalSection
	GlobalSection(SolutionProperties) = preSolution
		HideSolutionNode = FALSE
	EndGlobalSection
	GlobalSection(ExtensibilityGlobals) = postSolution
		SolutionGuid = {29697709-C757-4C4A-AFD5-7C27F781E6DB}
	EndGlobalSection
EndGlobal
